
Microsoft Visual Studio Solution File, Format Version 12.00
# Visual Studio Version 16
VisualStudioVersion = 16.0.30621.155
MinimumVisualStudioVersion = 10.0.40219.1
Project("{FAE04EC0-301F-11D3-BF4B-00C04F79EFBC}") = "PortfolioWebApp", "PortfolioWebApp\PortfolioWebApp.csproj", "{6EB84A6B-4B57-4E26-9451-B6CEB3D28276}"
EndProject
Global
	GlobalSection(SolutionConfigurationPlatforms) = preSolution
		Debug|Any CPU = Debug|Any CPU
		Release|Any CPU = Release|Any CPU
	EndGlobalSection
	GlobalSection(ProjectConfigurationPlatforms) = postSolution
		{6EB84A6B-4B57-4E26-9451-B6CEB3D28276}.Debug|Any CPU.ActiveCfg = Debug|Any CPU
		{6EB84A6B-4B57-4E26-9451-B6CEB3D28276}.Debug|Any CPU.Build.0 = Debug|Any CPU
		{6EB84A6B-4B57-4E26-9451-B6CEB3D28276}.Release|Any CPU.ActiveCfg = Release|Any CPU
		{6EB84A6B-4B57-4E26-9451-B6CEB3D28276}.Release|Any CPU.Build.0 = Release|Any CPU
	EndGlobalSection
	GlobalSection(SolutionProperties) = preSolution
		HideSolutionNode = FALSE
	EndGlobalSection
	GlobalSection(ExtensibilityGlobals) = postSolution
		SolutionGuid = {E3A6F9BE-70D0-40E0-8212-7EDBAAA50752}
	EndGlobalSection
EndGlobal
